
Microsoft Visual Studio Solution File, Format Version 12.00
# Visual Studio Version 17
VisualStudioVersion = 17.14.36603.0
MinimumVisualStudioVersion = 10.0.40219.1
Project("{FAE04EC0-301F-11D3-BF4B-00C04F79EFBC}") = "EduMaster.UI", "EduMaster.UI\EduMaster.UI.csproj", "{23478C1C-751F-428D-BB28-3973409BFA1C}"
EndProject
Project("{FAE04EC0-301F-11D3-BF4B-00C04F79EFBC}") = "EduMaster.Application", "EduMaster.Application\EduMaster.Application.csproj", "{11228878-6C41-42E1-B1ED-EA495DACCBFC}"
EndProject
Project("{FAE04EC0-301F-11D3-BF4B-00C04F79EFBC}") = "EduMaster.Infrastructure", "EduMaster.Infrastructure\EduMaster.Infrastructure.csproj", "{6129499A-894D-4BF9-B799-9A5801679E79}"
EndProject
Project("{FAE04EC0-301F-11D3-BF4B-00C04F79EFBC}") = "EduMaster.Domain", "EduMaster.Domain\EduMaster.Domain.csproj", "{DAB5059A-3A20-E735-7C9B-246A92B4363C}"
EndProject
Project("{2150E333-8FDC-42A3-9474-1A3956D46DE8}") = "Solution Items", "Solution Items", "{8EC462FD-D22E-90A8-E5CE-7E832BA40C5D}"
	ProjectSection(SolutionItems) = preProject
		db\001_init.sql = db\001_init.sql
		db\002_academic_years.sql = db\002_academic_years.sql
		db\003_slice13.sql = db\003_slice13.sql
		db\004_slice14.sql = db\004_slice14.sql
		db\005_slice15.sql = db\005_slice15.sql
		db\006_slice21.sql = db\006_slice21.sql
		db\007_slice22.sql = db\007_slice22.sql
		db\008_slice23.sql = db\008_slice23.sql
		db\009_slice24.sql = db\009_slice24.sql
		db\010_slice31.sql = db\010_slice31.sql
		db\011_slice32.sql = db\011_slice32.sql
		db\012_slice33.sql = db\012_slice33.sql
		db\013_slice41.sql = db\013_slice41.sql
		db\014_slice42.sql = db\014_slice42.sql
		db\015_slice51.sql = db\015_slice51.sql
		db\016_slice52.sql = db\016_slice52.sql
		db\017_slice53.sql = db\017_slice53.sql
		db\019_expenses.sql = db\019_expenses.sql
		db\020_treasury.sql = db\020_treasury.sql
		db\021_sms.sql = db\021_sms.sql
		db\022_slice34_session_transfers.sql = db\022_slice34_session_transfers.sql
		README.md = README.md
	EndProjectSection
EndProject
Project("{FAE04EC0-301F-11D3-BF4B-00C04F79EFBC}") = "EduMaster.Domain.Tests", "EduMaster.Domain.Tests\EduMaster.Domain.Tests.csproj", "{321B7534-4181-490B-82F9-D32BA7ABF41D}"
EndProject
Project("{FAE04EC0-301F-11D3-BF4B-00C04F79EFBC}") = "EduMaster.Application.Tests", "EduMaster.Application.Tests\EduMaster.Application.Tests.csproj", "{5F3BF6F7-AF8D-46A1-BE2C-0A7ED66253A8}"
EndProject
Project("{FAE04EC0-301F-11D3-BF4B-00C04F79EFBC}") = "EduMaster.UI.Tests", "EduMaster.UI.Tests\EduMaster.UI.Tests.csproj", "{88C0589B-3517-40B0-A351-B2CD7721AF7E}"
EndProject
Global
	GlobalSection(SolutionConfigurationPlatforms) = preSolution
		Debug|Any CPU = Debug|Any CPU
		Release|Any CPU = Release|Any CPU
	EndGlobalSection
	GlobalSection(ProjectConfigurationPlatforms) = postSolution
		{23478C1C-751F-428D-BB28-3973409BFA1C}.Debug|Any CPU.ActiveCfg = Debug|Any CPU
		{23478C1C-751F-428D-BB28-3973409BFA1C}.Debug|Any CPU.Build.0 = Debug|Any CPU
		{23478C1C-751F-428D-BB28-3973409BFA1C}.Release|Any CPU.ActiveCfg = Release|Any CPU
		{23478C1C-751F-428D-BB28-3973409BFA1C}.Release|Any CPU.Build.0 = Release|Any CPU
		{11228878-6C41-42E1-B1ED-EA495DACCBFC}.Debug|Any CPU.ActiveCfg = Debug|Any CPU
		{11228878-6C41-42E1-B1ED-EA495DACCBFC}.Debug|Any CPU.Build.0 = Debug|Any CPU
		{11228878-6C41-42E1-B1ED-EA495DACCBFC}.Release|Any CPU.ActiveCfg = Release|Any CPU
		{11228878-6C41-42E1-B1ED-EA495DACCBFC}.Release|Any CPU.Build.0 = Release|Any CPU
		{6129499A-894D-4BF9-B799-9A5801679E79}.Debug|Any CPU.ActiveCfg = Debug|Any CPU
		{6129499A-894D-4BF9-B799-9A5801679E79}.Debug|Any CPU.Build.0 = Debug|Any CPU
		{6129499A-894D-4BF9-B799-9A5801679E79}.Release|Any CPU.ActiveCfg = Release|Any CPU
		{6129499A-894D-4BF9-B799-9A5801679E79}.Release|Any CPU.Build.0 = Release|Any CPU
		{DAB5059A-3A20-E735-7C9B-246A92B4363C}.Debug|Any CPU.ActiveCfg = Debug|Any CPU
		{DAB5059A-3A20-E735-7C9B-246A92B4363C}.Debug|Any CPU.Build.0 = Debug|Any CPU
		{DAB5059A-3A20-E735-7C9B-246A92B4363C}.Release|Any CPU.ActiveCfg = Release|Any CPU
		{DAB5059A-3A20-E735-7C9B-246A92B4363C}.Release|Any CPU.Build.0 = Release|Any CPU
		{321B7534-4181-490B-82F9-D32BA7ABF41D}.Debug|Any CPU.ActiveCfg = Debug|Any CPU
		{321B7534-4181-490B-82F9-D32BA7ABF41D}.Debug|Any CPU.Build.0 = Debug|Any CPU
		{321B7534-4181-490B-82F9-D32BA7ABF41D}.Release|Any CPU.ActiveCfg = Release|Any CPU
		{321B7534-4181-490B-82F9-D32BA7ABF41D}.Release|Any CPU.Build.0 = Release|Any CPU
		{5F3BF6F7-AF8D-46A1-BE2C-0A7ED66253A8}.Debug|Any CPU.ActiveCfg = Debug|Any CPU
		{5F3BF6F7-AF8D-46A1-BE2C-0A7ED66253A8}.Debug|Any CPU.Build.0 = Debug|Any CPU
		{5F3BF6F7-AF8D-46A1-BE2C-0A7ED66253A8}.Release|Any CPU.ActiveCfg = Release|Any CPU
		{5F3BF6F7-AF8D-46A1-BE2C-0A7ED66253A8}.Release|Any CPU.Build.0 = Release|Any CPU
		{88C0589B-3517-40B0-A351-B2CD7721AF7E}.Debug|Any CPU.ActiveCfg = Debug|Any CPU
		{88C0589B-3517-40B0-A351-B2CD7721AF7E}.Debug|Any CPU.Build.0 = Debug|Any CPU
		{88C0589B-3517-40B0-A351-B2CD7721AF7E}.Release|Any CPU.ActiveCfg = Release|Any CPU
		{88C0589B-3517-40B0-A351-B2CD7721AF7E}.Release|Any CPU.Build.0 = Release|Any CPU
	EndGlobalSection
	GlobalSection(SolutionProperties) = preSolution
		HideSolutionNode = FALSE
	EndGlobalSection
	GlobalSection(ExtensibilityGlobals) = postSolution
		SolutionGuid = {053717F1-10CE-48ED-89E0-E5E342C52B13}
	EndGlobalSection
EndGlobal
